<?xml version="1.0" encoding="utf-8"?>
<Project ToolsVersion="4.0" xmlns="http://schemas.microsoft.com/developer/msbuild/2003">
  <ItemGroup>
    <Filter Include="Source Files">
      <UniqueIdentifier>{4FC737F1-C7A5-4376-A066-2A32D752A2FF}</UniqueIdentifier>
      <Extensions>cpp;c;cc;cxx;def;odl;idl;hpj;bat;asm;asmx</Extensions>
    </Filter>
    <Filter Include="Header Files">
      <UniqueIdentifier>{93995380-89BD-4b04-88EB-625FBE52EBFB}</UniqueIdentifier>
      <Extensions>h;hh;hpp;hxx;hm;inl;inc;xsd</Extensions>
    </Filter>
    <Filter Include="Resource Files">
      <UniqueIdentifier>{67DA6AB6-F800-4c08-8B7A-83BB121AAD01}</UniqueIdentifier>
      <Extensions>rc;ico;cur;bmp;dlg;rc2;rct;bin;rgs;gif;jpg;jpeg;jpe;resx;tiff;tif;png;wav;mfcribbon-ms</Extensions>
    </Filter>
  </ItemGroup>
  <ItemGroup>
    <ClCompile Include="Mozi.cpp">
      <Filter>Source Files</Filter>
    </ClCompile>
    <ClCompile Include="Film.cpp">
      <Filter>Source Files</Filter>
    </ClCompile>
    <ClCompile Include="Jegy.cpp">
      <Filter>Source Files</Filter>
    </ClCompile>
    <ClCompile Include="Szemelyzet.cpp">
      <Filter>Source Files</Filter>
    </ClCompile>
    <ClCompile Include="Ertekeles.cpp">
      <Filter>Source Files</Filter>
    </ClCompile>
    <ClCompile Include="Terem.cpp">
      <Filter>Source Files</Filter>
    </ClCompile>
    <ClCompile Include="Helyszin.cpp">
      <Filter>Source Files</Filter>
    </ClCompile>
    <ClCompile Include="Tipus.cpp">
      <Filter>Source Files</Filter>
    </ClCompile>
    <ClCompile Include="Nyelv.cpp">
      <Filter>Source Files</Filter>
    </ClCompile>
    <ClCompile Include="Akcio.cpp">
      <Filter>Source Files</Filter>
    </ClCompile>
    <ClCompile Include="Ervenyes.cpp">
      <Filter>Source Files</Filter>
    </ClCompile>
    <ClCompile Include="Szamla.cpp">
      <Filter>Source Files</Filter>
    </ClCompile>
    <ClCompile Include="Main.cpp">
      <Filter>Source Files</Filter>
    </ClCompile>
    <ClCompile Include="Napok.cpp">
      <Filter>Source Files</Filter>
    </ClCompile>
    <ClCompile Include="Felhasznalo.cpp">
      <Filter>Source Files</Filter>
    </ClCompile>
    <ClCompile Include="Berlet.cpp">
      <Filter>Source Files</Filter>
    </ClCompile>
    <ClCompile Include="Szek.cpp">
      <Filter>Source Files</Filter>
    </ClCompile>
    <ClCompile Include="Kijelzes.cpp">
      <Filter>Source Files</Filter>
    </ClCompile>
    <ClCompile Include="Tarolo.cpp">
      <Filter>Source Files</Filter>
    </ClCompile>
    <ClCompile Include="Inputell.cpp">
      <Filter>Source Files</Filter>
    </ClCompile>
  </ItemGroup>
  <ItemGroup>
    <ClInclude Include="Felhasznalo.hpp">
      <Filter>Header Files</Filter>
    </ClInclude>
    <ClInclude Include="Berlet.hpp">
      <Filter>Header Files</Filter>
    </ClInclude>
    <ClInclude Include="Akcio.hpp">
      <Filter>Header Files</Filter>
    </ClInclude>
    <ClInclude Include="Ertekeles.hpp">
      <Filter>Header Files</Filter>
    </ClInclude>
    <ClInclude Include="Ervenyes.hpp">
      <Filter>Header Files</Filter>
    </ClInclude>
    <ClInclude Include="Film.hpp">
      <Filter>Header Files</Filter>
    </ClInclude>
    <ClInclude Include="Helyszin.hpp">
      <Filter>Header Files</Filter>
    </ClInclude>
    <ClInclude Include="Jegy.hpp">
      <Filter>Header Files</Filter>
    </ClInclude>
    <ClInclude Include="Szemelyzet.hpp">
      <Filter>Header Files</Filter>
    </ClInclude>
    <ClInclude Include="Terem.hpp">
      <Filter>Header Files</Filter>
    </ClInclude>
    <ClInclude Include="Szek.hpp">
      <Filter>Header Files</Filter>
    </ClInclude>
    <ClInclude Include="Mozi.hpp">
      <Filter>Header Files</Filter>
    </ClInclude>
    <ClInclude Include="Szamla.hpp">
      <Filter>Header Files</Filter>
    </ClInclude>
    <ClInclude Include="main.hpp">
      <Filter>Header Files</Filter>
    </ClInclude>
    <ClInclude Include="Kijelzes.hpp">
      <Filter>Header Files</Filter>
    </ClInclude>
    <ClInclude Include="Tarolo.hpp">
      <Filter>Header Files</Filter>
    </ClInclude>
    <ClInclude Include="Inputell.h">
      <Filter>Header Files</Filter>
    </ClInclude>
  </ItemGroup>
</Project>